
Microsoft Visual Studio Solution File, Format Version 12.00
# Visual Studio Version 16
VisualStudioVersion = 16.0.31911.196
MinimumVisualStudioVersion = 10.0.40219.1
Project("{FAE04EC0-301F-11D3-BF4B-00C04F79EFBC}") = "ConsoleApp1", "ConsoleApp1\ConsoleApp1.csproj", "{FEF032D4-4A41-479D-AEC9-52A50D5A01B9}"
EndProject
Global
	GlobalSection(SolutionConfigurationPlatforms) = preSolution
		Debug|Any CPU = Debug|Any CPU
		Release|Any CPU = Release|Any CPU
	EndGlobalSection
	GlobalSection(ProjectConfigurationPlatforms) = postSolution
		{FEF032D4-4A41-479D-AEC9-52A50D5A01B9}.Debug|Any CPU.ActiveCfg = Debug|Any CPU
		{FEF032D4-4A41-479D-AEC9-52A50D5A01B9}.Debug|Any CPU.Build.0 = Debug|Any CPU
		{FEF032D4-4A41-479D-AEC9-52A50D5A01B9}.Release|Any CPU.ActiveCfg = Release|Any CPU
		{FEF032D4-4A41-479D-AEC9-52A50D5A01B9}.Release|Any CPU.Build.0 = Release|Any CPU
	EndGlobalSection
	GlobalSection(SolutionProperties) = preSolution
		HideSolutionNode = FALSE
	EndGlobalSection
	GlobalSection(ExtensibilityGlobals) = postSolution
		SolutionGuid = {14DD3092-ACFE-403C-B6CA-E3AF944FD7F6}
	EndGlobalSection
EndGlobal
